
Microsoft Visual Studio Solution File, Format Version 12.00
# Visual Studio Version 17
VisualStudioVersion = 17.3.32819.101
MinimumVisualStudioVersion = 10.0.40219.1
Project("{FAE04EC0-301F-11D3-BF4B-00C04F79EFBC}") = "Lib_LN_cliente", "Lib_LN_cliente\Lib_LN_cliente.csproj", "{9F3CDFBA-3D8F-4713-B196-E97EE370EAD8}"
EndProject
Global
	GlobalSection(SolutionConfigurationPlatforms) = preSolution
		Debug|Any CPU = Debug|Any CPU
		Release|Any CPU = Release|Any CPU
	EndGlobalSection
	GlobalSection(ProjectConfigurationPlatforms) = postSolution
		{9F3CDFBA-3D8F-4713-B196-E97EE370EAD8}.Debug|Any CPU.ActiveCfg = Debug|Any CPU
		{9F3CDFBA-3D8F-4713-B196-E97EE370EAD8}.Debug|Any CPU.Build.0 = Debug|Any CPU
		{9F3CDFBA-3D8F-4713-B196-E97EE370EAD8}.Release|Any CPU.ActiveCfg = Release|Any CPU
		{9F3CDFBA-3D8F-4713-B196-E97EE370EAD8}.Release|Any CPU.Build.0 = Release|Any CPU
	EndGlobalSection
	GlobalSection(SolutionProperties) = preSolution
		HideSolutionNode = FALSE
	EndGlobalSection
	GlobalSection(ExtensibilityGlobals) = postSolution
		SolutionGuid = {74518E28-98F2-4757-B9C4-0C5FA3B50A23}
	EndGlobalSection
EndGlobal
